// !$*UTF8*$!
{
	archiveVersion = 1;
	classes = {
	};
	objectVersion = 50;
	objects = {

/* Begin PBXBuildFile section */
		88165936266966E300B5B233 /* AppDelegate.swift in Sources */ = {isa = PBXBuildFile; fileRef = 88165935266966E300B5B233 /* AppDelegate.swift */; };
		88165938266966E300B5B233 /* SceneDelegate.swift in Sources */ = {isa = PBXBuildFile; fileRef = 88165937266966E300B5B233 /* SceneDelegate.swift */; };
		8816593A266966E300B5B233 /* ViewController.swift in Sources */ = {isa = PBXBuildFile; fileRef = 88165939266966E300B5B233 /* ViewController.swift */; };
		8816593F266966E300B5B233 /* Assets.xcassets in Resources */ = {isa = PBXBuildFile; fileRef = 8816593E266966E300B5B233 /* Assets.xcassets */; };
		88165942266966E300B5B233 /* LaunchScreen.storyboard in Resources */ = {isa = PBXBuildFile; fileRef = 88165940266966E300B5B233 /* LaunchScreen.storyboard */; };
		8816594D266966E400B5B233 /* SlowOrFastMotionTests.swift in Sources */ = {isa = PBXBuildFile; fileRef = 8816594C266966E400B5B233 /* SlowOrFastMotionTests.swift */; };
		88165958266966E400B5B233 /* SlowOrFastMotionUITests.swift in Sources */ = {isa = PBXBuildFile; fileRef = 88165957266966E400B5B233 /* SlowOrFastMotionUITests.swift */; };
		88165973266968E500B5B233 /* Constants.swift in Sources */ = {isa = PBXBuildFile; fileRef = 8816596E266968E500B5B233 /* Constants.swift */; };
		88165974266968E500B5B233 /* ProjectFrameUtil.swift in Sources */ = {isa = PBXBuildFile; fileRef = 8816596F266968E500B5B233 /* ProjectFrameUtil.swift */; };
		88165975266968E500B5B233 /* SpeedCurveView.swift in Sources */ = {isa = PBXBuildFile; fileRef = 88165970266968E500B5B233 /* SpeedCurveView.swift */; };
		88165976266968E500B5B233 /* PlayButton.swift in Sources */ = {isa = PBXBuildFile; fileRef = 88165971266968E500B5B233 /* PlayButton.swift */; };
		88165977266968E500B5B233 /* SpeedLineView.swift in Sources */ = {isa = PBXBuildFile; fileRef = 88165972266968E500B5B233 /* SpeedLineView.swift */; };
/* End PBXBuildFile section */

/* Begin PBXContainerItemProxy section */
		88165949266966E400B5B233 /* PBXContainerItemProxy */ = {
			isa = PBXContainerItemProxy;
			containerPortal = 8816592A266966E300B5B233 /* Project object */;
			proxyType = 1;
			remoteGlobalIDString = 88165931266966E300B5B233;
			remoteInfo = SlowOrFastMotion;
		};
		88165954266966E400B5B233 /* PBXContainerItemProxy */ = {
			isa = PBXContainerItemProxy;
			containerPortal = 8816592A266966E300B5B233 /* Project object */;
			proxyType = 1;
			remoteGlobalIDString = 88165931266966E300B5B233;
			remoteInfo = SlowOrFastMotion;
		};
/* End PBXContainerItemProxy section */

/* Begin PBXFileReference section */
		88165932266966E300B5B233 /* SlowOrFastMotion.app */ = {isa = PBXFileReference; explicitFileType = wrapper.application; includeInIndex = 0; path = SlowOrFastMotion.app; sourceTree = BUILT_PRODUCTS_DIR; };
		88165935266966E300B5B233 /* AppDelegate.swift */ = {isa = PBXFileReference; lastKnownFileType = sourcecode.swift; path = AppDelegate.swift; sourceTree = "<group>"; };
		88165937266966E300B5B233 /* SceneDelegate.swift */ = {isa = PBXFileReference; lastKnownFileType = sourcecode.swift; path = SceneDelegate.swift; sourceTree = "<group>"; };
		88165939266966E300B5B233 /* ViewController.swift */ = {isa = PBXFileReference; lastKnownFileType = sourcecode.swift; path = ViewController.swift; sourceTree = "<group>"; };
		8816593E266966E300B5B233 /* Assets.xcassets */ = {isa = PBXFileReference; lastKnownFileType = folder.assetcatalog; path = Assets.xcassets; sourceTree = "<group>"; };
		88165941266966E300B5B233 /* Base */ = {isa = PBXFileReference; lastKnownFileType = file.storyboard; name = Base; path = Base.lproj/LaunchScreen.storyboard; sourceTree = "<group>"; };
		88165943266966E300B5B233 /* Info.plist */ = {isa = PBXFileReference; lastKnownFileType = text.plist.xml; path = Info.plist; sourceTree = "<group>"; };
		88165948266966E400B5B233 /* SlowOrFastMotionTests.xctest */ = {isa = PBXFileReference; explicitFileType = wrapper.cfbundle; includeInIndex = 0; path = SlowOrFastMotionTests.xctest; sourceTree = BUILT_PRODUCTS_DIR; };
		8816594C266966E400B5B233 /* SlowOrFastMotionTests.swift */ = {isa = PBXFileReference; lastKnownFileType = sourcecode.swift; path = SlowOrFastMotionTests.swift; sourceTree = "<group>"; };
		8816594E266966E400B5B233 /* Info.plist */ = {isa = PBXFileReference; lastKnownFileType = text.plist.xml; path = Info.plist; sourceTree = "<group>"; };
		88165953266966E400B5B233 /* SlowOrFastMotionUITests.xctest */ = {isa = PBXFileReference; explicitFileType = wrapper.cfbundle; includeInIndex = 0; path = SlowOrFastMotionUITests.xctest; sourceTree = BUILT_PRODUCTS_DIR; };
		88165957266966E400B5B233 /* SlowOrFastMotionUITests.swift */ = {isa = PBXFileReference; lastKnownFileType = sourcecode.swift; path = SlowOrFastMotionUITests.swift; sourceTree = "<group>"; };
		88165959266966E400B5B233 /* Info.plist */ = {isa = PBXFileReference; lastKnownFileType = text.plist.xml; path = Info.plist; sourceTree = "<group>"; };
		8816596E266968E500B5B233 /* Constants.swift */ = {isa = PBXFileReference; fileEncoding = 4; lastKnownFileType = sourcecode.swift; path = Constants.swift; sourceTree = "<group>"; };
		8816596F266968E500B5B233 /* ProjectFrameUtil.swift */ = {isa = PBXFileReference; fileEncoding = 4; lastKnownFileType = sourcecode.swift; path = ProjectFrameUtil.swift; sourceTree = "<group>"; };
		88165970266968E500B5B233 /* SpeedCurveView.swift */ = {isa = PBXFileReference; fileEncoding = 4; lastKnownFileType = sourcecode.swift; path = SpeedCurveView.swift; sourceTree = "<group>"; };
		88165971266968E500B5B233 /* PlayButton.swift */ = {isa = PBXFileReference; fileEncoding = 4; lastKnownFileType = sourcecode.swift; path = PlayButton.swift; sourceTree = "<group>"; };
		88165972266968E500B5B233 /* SpeedLineView.swift */ = {isa = PBXFileReference; fileEncoding = 4; lastKnownFileType = sourcecode.swift; path = SpeedLineView.swift; sourceTree = "<group>"; };
/* End PBXFileReference section */

/* Begin PBXFrameworksBuildPhase section */
		8816592F266966E300B5B233 /* Frameworks */ = {
			isa = PBXFrameworksBuildPhase;
			buildActionMask = 2147483647;
			files = (
			);
			runOnlyForDeploymentPostprocessing = 0;
		};
		88165945266966E400B5B233 /* Frameworks */ = {
			isa = PBXFrameworksBuildPhase;
			buildActionMask = 2147483647;
			files = (
			);
			runOnlyForDeploymentPostprocessing = 0;
		};
		88165950266966E400B5B233 /* Frameworks */ = {
			isa = PBXFrameworksBuildPhase;
			buildActionMask = 2147483647;
			files = (
			);
			runOnlyForDeploymentPostprocessing = 0;
		};
/* End PBXFrameworksBuildPhase section */

/* Begin PBXGroup section */
		88165929266966E300B5B233 = {
			isa = PBXGroup;
			children = (
				88165934266966E300B5B233 /* SlowOrFastMotion */,
				8816594B266966E400B5B233 /* SlowOrFastMotionTests */,
				88165956266966E400B5B233 /* SlowOrFastMotionUITests */,
				88165933266966E300B5B233 /* Products */,
			);
			sourceTree = "<group>";
		};
		88165933266966E300B5B233 /* Products */ = {
			isa = PBXGroup;
			children = (
				88165932266966E300B5B233 /* SlowOrFastMotion.app */,
				88165948266966E400B5B233 /* SlowOrFastMotionTests.xctest */,
				88165953266966E400B5B233 /* SlowOrFastMotionUITests.xctest */,
			);
			name = Products;
			sourceTree = "<group>";
		};
		88165934266966E300B5B233 /* SlowOrFastMotion */ = {
			isa = PBXGroup;
			children = (
				8816598126696A6000B5B233 /* SupportFiles */,
				8816598026696A5000B5B233 /* AppDelegate */,
				8816597F26696A3700B5B233 /* Common */,
				88165939266966E300B5B233 /* ViewController.swift */,
			);
			path = SlowOrFastMotion;
			sourceTree = "<group>";
		};
		8816594B266966E400B5B233 /* SlowOrFastMotionTests */ = {
			isa = PBXGroup;
			children = (
				8816594C266966E400B5B233 /* SlowOrFastMotionTests.swift */,
				8816594E266966E400B5B233 /* Info.plist */,
			);
			path = SlowOrFastMotionTests;
			sourceTree = "<group>";
		};
		88165956266966E400B5B233 /* SlowOrFastMotionUITests */ = {
			isa = PBXGroup;
			children = (
				88165957266966E400B5B233 /* SlowOrFastMotionUITests.swift */,
				88165959266966E400B5B233 /* Info.plist */,
			);
			path = SlowOrFastMotionUITests;
			sourceTree = "<group>";
		};
		8816597B2669690F00B5B233 /* CustomViews */ = {
			isa = PBXGroup;
			children = (
				88165971266968E500B5B233 /* PlayButton.swift */,
				88165970266968E500B5B233 /* SpeedCurveView.swift */,
				88165972266968E500B5B233 /* SpeedLineView.swift */,
			);
			path = CustomViews;
			sourceTree = "<group>";
		};
		8816597F26696A3700B5B233 /* Common */ = {
			isa = PBXGroup;
			children = (
				8816597B2669690F00B5B233 /* CustomViews */,
				8816596E266968E500B5B233 /* Constants.swift */,
				8816596F266968E500B5B233 /* ProjectFrameUtil.swift */,
			);
			path = Common;
			sourceTree = "<group>";
		};
		8816598026696A5000B5B233 /* AppDelegate */ = {
			isa = PBXGroup;
			children = (
				88165935266966E300B5B233 /* AppDelegate.swift */,
				88165937266966E300B5B233 /* SceneDelegate.swift */,
			);
			path = AppDelegate;
			sourceTree = "<group>";
		};
		8816598126696A6000B5B233 /* SupportFiles */ = {
			isa = PBXGroup;
			children = (
				8816593E266966E300B5B233 /* Assets.xcassets */,
				88165940266966E300B5B233 /* LaunchScreen.storyboard */,
				88165943266966E300B5B233 /* Info.plist */,
			);
			path = SupportFiles;
			sourceTree = "<group>";
		};
/* End PBXGroup section */

/* Begin PBXNativeTarget section */
		88165931266966E300B5B233 /* SlowOrFastMotion */ = {
			isa = PBXNativeTarget;
			buildConfigurationList = 8816595C266966E400B5B233 /* Build configuration list for PBXNativeTarget "SlowOrFastMotion" */;
			buildPhases = (
				8816592E266966E300B5B233 /* Sources */,
				8816592F266966E300B5B233 /* Frameworks */,
				88165930266966E300B5B233 /* Resources */,
			);
			buildRules = (
			);
			dependencies = (
			);
			name = SlowOrFastMotion;
			productName = SlowOrFastMotion;
			productReference = 88165932266966E300B5B233 /* SlowOrFastMotion.app */;
			productType = "com.apple.product-type.application";
		};
		88165947266966E400B5B233 /* SlowOrFastMotionTests */ = {
			isa = PBXNativeTarget;
			buildConfigurationList = 8816595F266966E400B5B233 /* Build configuration list for PBXNativeTarget "SlowOrFastMotionTests" */;
			buildPhases = (
				88165944266966E400B5B233 /* Sources */,
				88165945266966E400B5B233 /* Frameworks */,
				88165946266966E400B5B233 /* Resources */,
			);
			buildRules = (
			);
			dependencies = (
				8816594A266966E400B5B233 /* PBXTargetDependency */,
			);
			name = SlowOrFastMotionTests;
			productName = SlowOrFastMotionTests;
			productReference = 88165948266966E400B5B233 /* SlowOrFastMotionTests.xctest */;
			productType = "com.apple.product-type.bundle.unit-test";
		};
		88165952266966E400B5B233 /* SlowOrFastMotionUITests */ = {
			isa = PBXNativeTarget;
			buildConfigurationList = 88165962266966E400B5B233 /* Build configuration list for PBXNativeTarget "SlowOrFastMotionUITests" */;
			buildPhases = (
				8816594F266966E400B5B233 /* Sources */,
				88165950266966E400B5B233 /* Frameworks */,
				88165951266966E400B5B233 /* Resources */,
			);
			buildRules = (
			);
			dependencies = (
				88165955266966E400B5B233 /* PBXTargetDependency */,
			);
			name = SlowOrFastMotionUITests;
			productName = SlowOrFastMotionUITests;
			productReference = 88165953266966E400B5B233 /* SlowOrFastMotionUITests.xctest */;
			productType = "com.apple.product-type.bundle.ui-testing";
		};
/* End PBXNativeTarget section */

/* Begin PBXProject section */
		8816592A266966E300B5B233 /* Project object */ = {
			isa = PBXProject;
			attributes = {
				LastSwiftUpdateCheck = 1240;
				LastUpgradeCheck = 1240;
				TargetAttributes = {
					88165931266966E300B5B233 = {
						CreatedOnToolsVersion = 12.4;
					};
					88165947266966E400B5B233 = {
						CreatedOnToolsVersion = 12.4;
						TestTargetID = 88165931266966E300B5B233;
					};
					88165952266966E400B5B233 = {
						CreatedOnToolsVersion = 12.4;
						TestTargetID = 88165931266966E300B5B233;
					};
				};
			};
			buildConfigurationList = 8816592D266966E300B5B233 /* Build configuration list for PBXProject "SlowOrFastMotion" */;
			compatibilityVersion = "Xcode 9.3";
			developmentRegion = en;
			hasScannedForEncodings = 0;
			knownRegions = (
				en,
				Base,
			);
			mainGroup = 88165929266966E300B5B233;
			productRefGroup = 88165933266966E300B5B233 /* Products */;
			projectDirPath = "";
			projectRoot = "";
			targets = (
				88165931266966E300B5B233 /* SlowOrFastMotion */,
				88165947266966E400B5B233 /* SlowOrFastMotionTests */,
				88165952266966E400B5B233 /* SlowOrFastMotionUITests */,
			);
		};
/* End PBXProject section */

/* Begin PBXResourcesBuildPhase section */
		88165930266966E300B5B233 /* Resources */ = {
			isa = PBXResourcesBuildPhase;
			buildActionMask = 2147483647;
			files = (
				88165942266966E300B5B233 /* LaunchScreen.storyboard in Resources */,
				8816593F266966E300B5B233 /* Assets.xcassets in Resources */,
			);
			runOnlyForDeploymentPostprocessing = 0;
		};
		88165946266966E400B5B233 /* Resources */ = {
			isa = PBXResourcesBuildPhase;
			buildActionMask = 2147483647;
			files = (
			);
			runOnlyForDeploymentPostprocessing = 0;
		};
		88165951266966E400B5B233 /* Resources */ = {
			isa = PBXResourcesBuildPhase;
			buildActionMask = 2147483647;
			files = (
			);
			runOnlyForDeploymentPostprocessing = 0;
		};
/* End PBXResourcesBuildPhase section */

/* Begin PBXSourcesBuildPhase section */
		8816592E266966E300B5B233 /* Sources */ = {
			isa = PBXSourcesBuildPhase;
			buildActionMask = 2147483647;
			files = (
				88165975266968E500B5B233 /* SpeedCurveView.swift in Sources */,
				88165976266968E500B5B233 /* PlayButton.swift in Sources */,
				88165977266968E500B5B233 /* SpeedLineView.swift in Sources */,
				8816593A266966E300B5B233 /* ViewController.swift in Sources */,
				88165936266966E300B5B233 /* AppDelegate.swift in Sources */,
				88165974266968E500B5B233 /* ProjectFrameUtil.swift in Sources */,
				88165938266966E300B5B233 /* SceneDelegate.swift in Sources */,
				88165973266968E500B5B233 /* Constants.swift in Sources */,
			);
			runOnlyForDeploymentPostprocessing = 0;
		};
		88165944266966E400B5B233 /* Sources */ = {
			isa = PBXSourcesBuildPhase;
			buildActionMask = 2147483647;
			files = (
				8816594D266966E400B5B233 /* SlowOrFastMotionTests.swift in Sources */,
			);
			runOnlyForDeploymentPostprocessing = 0;
		};
		8816594F266966E400B5B233 /* Sources */ = {
			isa = PBXSourcesBuildPhase;
			buildActionMask = 2147483647;
			files = (
				88165958266966E400B5B233 /* SlowOrFastMotionUITests.swift in Sources */,
			);
			runOnlyForDeploymentPostprocessing = 0;
		};
/* End PBXSourcesBuildPhase section */

/* Begin PBXTargetDependency section */
		8816594A266966E400B5B233 /* PBXTargetDependency */ = {
			isa = PBXTargetDependency;
			target = 88165931266966E300B5B233 /* SlowOrFastMotion */;
			targetProxy = 88165949266966E400B5B233 /* PBXContainerItemProxy */;
		};
		88165955266966E400B5B233 /* PBXTargetDependency */ = {
			isa = PBXTargetDependency;
			target = 88165931266966E300B5B233 /* SlowOrFastMotion */;
			targetProxy = 88165954266966E400B5B233 /* PBXContainerItemProxy */;
		};
/* End PBXTargetDependency section */

/* Begin PBXVariantGroup section */
		88165940266966E300B5B233 /* LaunchScreen.storyboard */ = {
			isa = PBXVariantGroup;
			children = (
				88165941266966E300B5B233 /* Base */,
			);
			name = LaunchScreen.storyboard;
			sourceTree = "<group>";
		};
/* End PBXVariantGroup section */

/* Begin XCBuildConfiguration section */
		8816595A266966E400B5B233 /* Debug */ = {
			isa = XCBuildConfiguration;
			buildSettings = {
				ALWAYS_SEARCH_USER_PATHS = NO;
				CLANG_ANALYZER_NONNULL = YES;
				CLANG_ANALYZER_NUMBER_OBJECT_CONVERSION = YES_AGGRESSIVE;
				CLANG_CXX_LANGUAGE_STANDARD = "gnu++14";
				CLANG_CXX_LIBRARY = "libc++";
				CLANG_ENABLE_MODULES = YES;
				CLANG_ENABLE_OBJC_ARC = YES;
				CLANG_ENABLE_OBJC_WEAK = YES;
				CLANG_WARN_BLOCK_CAPTURE_AUTORELEASING = YES;
				CLANG_WARN_BOOL_CONVERSION = YES;
				CLANG_WARN_COMMA = YES;
				CLANG_WARN_CONSTANT_CONVERSION = YES;
				CLANG_WARN_DEPRECATED_OBJC_IMPLEMENTATIONS = YES;
				CLANG_WARN_DIRECT_OBJC_ISA_USAGE = YES_ERROR;
				CLANG_WARN_DOCUMENTATION_COMMENTS = YES;
				CLANG_WARN_EMPTY_BODY = YES;
				CLANG_WARN_ENUM_CONVERSION = YES;
				CLANG_WARN_INFINITE_RECURSION = YES;
				CLANG_WARN_INT_CONVERSION = YES;
				CLANG_WARN_NON_LITERAL_NULL_CONVERSION = YES;
				CLANG_WARN_OBJC_IMPLICIT_RETAIN_SELF = YES;
				CLANG_WARN_OBJC_LITERAL_CONVERSION = YES;
				CLANG_WARN_OBJC_ROOT_CLASS = YES_ERROR;
				CLANG_WARN_QUOTED_INCLUDE_IN_FRAMEWORK_HEADER = YES;
				CLANG_WARN_RANGE_LOOP_ANALYSIS = YES;
				CLANG_WARN_STRICT_PROTOTYPES = YES;
				CLANG_WARN_SUSPICIOUS_MOVE = YES;
				CLANG_WARN_UNGUARDED_AVAILABILITY = YES_AGGRESSIVE;
				CLANG_WARN_UNREACHABLE_CODE = YES;
				CLANG_WARN__DUPLICATE_METHOD_MATCH = YES;
				COPY_PHASE_STRIP = NO;
				DEBUG_INFORMATION_FORMAT = dwarf;
				ENABLE_STRICT_OBJC_MSGSEND = YES;
				ENABLE_TESTABILITY = YES;
				GCC_C_LANGUAGE_STANDARD = gnu11;
				GCC_DYNAMIC_NO_PIC = NO;
				GCC_NO_COMMON_BLOCKS = YES;
				GCC_OPTIMIZATION_LEVEL = 0;
				GCC_PREPROCESSOR_DEFINITIONS = (
					"DEBUG=1",
					"$(inherited)",
				);
				GCC_WARN_64_TO_32_BIT_CONVERSION = YES;
				GCC_WARN_ABOUT_RETURN_TYPE = YES_ERROR;
				GCC_WARN_UNDECLARED_SELECTOR = YES;
				GCC_WARN_UNINITIALIZED_AUTOS = YES_AGGRESSIVE;
				GCC_WARN_UNUSED_FUNCTION = YES;
				GCC_WARN_UNUSED_VARIABLE = YES;
				IPHONEOS_DEPLOYMENT_TARGET = 14.4;
				MTL_ENABLE_DEBUG_INFO = INCLUDE_SOURCE;
				MTL_FAST_MATH = YES;
				ONLY_ACTIVE_ARCH = YES;
				SDKROOT = iphoneos;
				SWIFT_ACTIVE_COMPILATION_CONDITIONS = DEBUG;
				SWIFT_OPTIMIZATION_LEVEL = "-Onone";
			};
			name = Debug;
		};
		8816595B266966E400B5B233 /* Release */ = {
			isa = XCBuildConfiguration;
			buildSettings = {
				ALWAYS_SEARCH_USER_PATHS = NO;
				CLANG_ANALYZER_NONNULL = YES;
				CLANG_ANALYZER_NUMBER_OBJECT_CONVERSION = YES_AGGRESSIVE;
				CLANG_CXX_LANGUAGE_STANDARD = "gnu++14";
				CLANG_CXX_LIBRARY = "libc++";
				CLANG_ENABLE_MODULES = YES;
				CLANG_ENABLE_OBJC_ARC = YES;
				CLANG_ENABLE_OBJC_WEAK = YES;
				CLANG_WARN_BLOCK_CAPTURE_AUTORELEASING = YES;
				CLANG_WARN_BOOL_CONVERSION = YES;
				CLANG_WARN_COMMA = YES;
				CLANG_WARN_CONSTANT_CONVERSION = YES;
				CLANG_WARN_DEPRECATED_OBJC_IMPLEMENTATIONS = YES;
				CLANG_WARN_DIRECT_OBJC_ISA_USAGE = YES_ERROR;
				CLANG_WARN_DOCUMENTATION_COMMENTS = YES;
				CLANG_WARN_EMPTY_BODY = YES;
				CLANG_WARN_ENUM_CONVERSION = YES;
				CLANG_WARN_INFINITE_RECURSION = YES;
				CLANG_WARN_INT_CONVERSION = YES;
				CLANG_WARN_NON_LITERAL_NULL_CONVERSION = YES;
				CLANG_WARN_OBJC_IMPLICIT_RETAIN_SELF = YES;
				CLANG_WARN_OBJC_LITERAL_CONVERSION = YES;
				CLANG_WARN_OBJC_ROOT_CLASS = YES_ERROR;
				CLANG_WARN_QUOTED_INCLUDE_IN_FRAMEWORK_HEADER = YES;
				CLANG_WARN_RANGE_LOOP_ANALYSIS = YES;
				CLANG_WARN_STRICT_PROTOTYPES = YES;
				CLANG_WARN_SUSPICIOUS_MOVE = YES;
				CLANG_WARN_UNGUARDED_AVAILABILITY = YES_AGGRESSIVE;
				CLANG_WARN_UNREACHABLE_CODE = YES;
				CLANG_WARN__DUPLICATE_METHOD_MATCH = YES;
				COPY_PHASE_STRIP = NO;
				DEBUG_INFORMATION_FORMAT = "dwarf-with-dsym";
				ENABLE_NS_ASSERTIONS = NO;
				ENABLE_STRICT_OBJC_MSGSEND = YES;
				GCC_C_LANGUAGE_STANDARD = gnu11;
				GCC_NO_COMMON_BLOCKS = YES;
				GCC_WARN_64_TO_32_BIT_CONVERSION = YES;
				GCC_WARN_ABOUT_RETURN_TYPE = YES_ERROR;
				GCC_WARN_UNDECLARED_SELECTOR = YES;
				GCC_WARN_UNINITIALIZED_AUTOS = YES_AGGRESSIVE;
				GCC_WARN_UNUSED_FUNCTION = YES;
				GCC_WARN_UNUSED_VARIABLE = YES;
				IPHONEOS_DEPLOYMENT_TARGET = 14.4;
				MTL_ENABLE_DEBUG_INFO = NO;
				MTL_FAST_MATH = YES;
				SDKROOT = iphoneos;
				SWIFT_COMPILATION_MODE = wholemodule;
				SWIFT_OPTIMIZATION_LEVEL = "-O";
				VALIDATE_PRODUCT = YES;
			};
			name = Release;
		};
		8816595D266966E400B5B233 /* Debug */ = {
			isa = XCBuildConfiguration;
			buildSettings = {
				ASSETCATALOG_COMPILER_APPICON_NAME = AppIcon;
				ASSETCATALOG_COMPILER_GLOBAL_ACCENT_COLOR_NAME = AccentColor;
				CODE_SIGN_STYLE = Automatic;
				DEVELOPMENT_TEAM = 65S558ZT4U;
				INFOPLIST_FILE = SlowOrFastMotion/SupportFiles/Info.plist;
				LD_RUNPATH_SEARCH_PATHS = (
					"$(inherited)",
					"@executable_path/Frameworks",
				);
				PRODUCT_BUNDLE_IDENTIFIER = com.bulutoztemur.SlowOrFastMotion;
				PRODUCT_NAME = "$(TARGET_NAME)";
				SWIFT_VERSION = 5.0;
				TARGETED_DEVICE_FAMILY = "1,2";
			};
			name = Debug;
		};
		8816595E266966E400B5B233 /* Release */ = {
			isa = XCBuildConfiguration;
			buildSettings = {
				ASSETCATALOG_COMPILER_APPICON_NAME = AppIcon;
				ASSETCATALOG_COMPILER_GLOBAL_ACCENT_COLOR_NAME = AccentColor;
				CODE_SIGN_STYLE = Automatic;
				DEVELOPMENT_TEAM = 65S558ZT4U;
				INFOPLIST_FILE = SlowOrFastMotion/SupportFiles/Info.plist;
				LD_RUNPATH_SEARCH_PATHS = (
					"$(inherited)",
					"@executable_path/Frameworks",
				);
				PRODUCT_BUNDLE_IDENTIFIER = com.bulutoztemur.SlowOrFastMotion;
				PRODUCT_NAME = "$(TARGET_NAME)";
				SWIFT_VERSION = 5.0;
				TARGETED_DEVICE_FAMILY = "1,2";
			};
			name = Release;
		};
		88165960266966E400B5B233 /* Debug */ = {
			isa = XCBuildConfiguration;
			buildSettings = {
				ALWAYS_EMBED_SWIFT_STANDARD_LIBRARIES = YES;
				BUNDLE_LOADER = "$(TEST_HOST)";
				CODE_SIGN_STYLE = Automatic;
				DEVELOPMENT_TEAM = 65S558ZT4U;
				INFOPLIST_FILE = SlowOrFastMotionTests/Info.plist;
				IPHONEOS_DEPLOYMENT_TARGET = 14.4;
				LD_RUNPATH_SEARCH_PATHS = (
					"$(inherited)",
					"@executable_path/Frameworks",
					"@loader_path/Frameworks",
				);
				PRODUCT_BUNDLE_IDENTIFIER = com.bulutoztemur.SlowOrFastMotionTests;
				PRODUCT_NAME = "$(TARGET_NAME)";
				SWIFT_VERSION = 5.0;
				TARGETED_DEVICE_FAMILY = "1,2";
				TEST_HOST = "$(BUILT_PRODUCTS_DIR)/SlowOrFastMotion.app/SlowOrFastMotion";
			};
			name = Debug;
		};
		88165961266966E400B5B233 /* Release */ = {
			isa = XCBuildConfiguration;
			buildSettings = {
				ALWAYS_EMBED_SWIFT_STANDARD_LIBRARIES = YES;
				BUNDLE_LOADER = "$(TEST_HOST)";
				CODE_SIGN_STYLE = Automatic;
				DEVELOPMENT_TEAM = 65S558ZT4U;
				INFOPLIST_FILE = SlowOrFastMotionTests/Info.plist;
				IPHONEOS_DEPLOYMENT_TARGET = 14.4;
				LD_RUNPATH_SEARCH_PATHS = (
					"$(inherited)",
					"@executable_path/Frameworks",
					"@loader_path/Frameworks",
				);
				PRODUCT_BUNDLE_IDENTIFIER = com.bulutoztemur.SlowOrFastMotionTests;
				PRODUCT_NAME = "$(TARGET_NAME)";
				SWIFT_VERSION = 5.0;
				TARGETED_DEVICE_FAMILY = "1,2";
				TEST_HOST = "$(BUILT_PRODUCTS_DIR)/SlowOrFastMotion.app/SlowOrFastMotion";
			};
			name = Release;
		};
		88165963266966E400B5B233 /* Debug */ = {
			isa = XCBuildConfiguration;
			buildSettings = {
				ALWAYS_EMBED_SWIFT_STANDARD_LIBRARIES = YES;
				CODE_SIGN_STYLE = Automatic;
				DEVELOPMENT_TEAM = 65S558ZT4U;
				INFOPLIST_FILE = SlowOrFastMotionUITests/Info.plist;
				LD_RUNPATH_SEARCH_PATHS = (
					"$(inherited)",
					"@executable_path/Frameworks",
					"@loader_path/Frameworks",
				);
				PRODUCT_BUNDLE_IDENTIFIER = com.bulutoztemur.SlowOrFastMotionUITests;
				PRODUCT_NAME = "$(TARGET_NAME)";
				SWIFT_VERSION = 5.0;
				TARGETED_DEVICE_FAMILY = "1,2";
				TEST_TARGET_NAME = SlowOrFastMotion;
			};
			name = Debug;
		};
		88165964266966E400B5B233 /* Release */ = {
			isa = XCBuildConfiguration;
			buildSettings = {
				ALWAYS_EMBED_SWIFT_STANDARD_LIBRARIES = YES;
				CODE_SIGN_STYLE = Automatic;
				DEVELOPMENT_TEAM = 65S558ZT4U;
				INFOPLIST_FILE = SlowOrFastMotionUITests/Info.plist;
				LD_RUNPATH_SEARCH_PATHS = (
					"$(inherited)",
					"@executable_path/Frameworks",
					"@loader_path/Frameworks",
				);
				PRODUCT_BUNDLE_IDENTIFIER = com.bulutoztemur.SlowOrFastMotionUITests;
				PRODUCT_NAME = "$(TARGET_NAME)";
				SWIFT_VERSION = 5.0;
				TARGETED_DEVICE_FAMILY = "1,2";
				TEST_TARGET_NAME = SlowOrFastMotion;
			};
			name = Release;
		};
/* End XCBuildConfiguration section */

/* Begin XCConfigurationList section */
		8816592D266966E300B5B233 /* Build configuration list for PBXProject "SlowOrFastMotion" */ = {
			isa = XCConfigurationList;
			buildConfigurations = (
				8816595A266966E400B5B233 /* Debug */,
				8816595B266966E400B5B233 /* Release */,
			);
			defaultConfigurationIsVisible = 0;
			defaultConfigurationName = Release;
		};
		8816595C266966E400B5B233 /* Build configuration list for PBXNativeTarget "SlowOrFastMotion" */ = {
			isa = XCConfigurationList;
			buildConfigurations = (
				8816595D266966E400B5B233 /* Debug */,
				8816595E266966E400B5B233 /* Release */,
			);
			defaultConfigurationIsVisible = 0;
			defaultConfigurationName = Release;
		};
		8816595F266966E400B5B233 /* Build configuration list for PBXNativeTarget "SlowOrFastMotionTests" */ = {
			isa = XCConfigurationList;
			buildConfigurations = (
				88165960266966E400B5B233 /* Debug */,
				88165961266966E400B5B233 /* Release */,
			);
			defaultConfigurationIsVisible = 0;
			defaultConfigurationName = Release;
		};
		88165962266966E400B5B233 /* Build configuration list for PBXNativeTarget "SlowOrFastMotionUITests" */ = {
			isa = XCConfigurationList;
			buildConfigurations = (
				88165963266966E400B5B233 /* Debug */,
				88165964266966E400B5B233 /* Release */,
			);
			defaultConfigurationIsVisible = 0;
			defaultConfigurationName = Release;
		};
/* End XCConfigurationList section */
	};
	rootObject = 8816592A266966E300B5B233 /* Project object */;
}
